// !$*UTF8*$!
{
	archiveVersion = 1;
	classes = {
	};
	objectVersion = 50;
	objects = {

/* Begin PBXBuildFile section */
		4C3D871F23367768009FD11C /* Cocoa.framework in Frameworks */ = {isa = PBXBuildFile; fileRef = 4C3D871E23367768009FD11C /* Cocoa.framework */; };
		4C3D87212336776F009FD11C /* Carbon.framework in Frameworks */ = {isa = PBXBuildFile; fileRef = 4C3D87202336776F009FD11C /* Carbon.framework */; };
		4C3D872323367777009FD11C /* SystemConfiguration.framework in Frameworks */ = {isa = PBXBuildFile; fileRef = 4C3D872223367777009FD11C /* SystemConfiguration.framework */; };
		4C3D87252336777E009FD11C /* ApplicationServices.framework in Frameworks */ = {isa = PBXBuildFile; fileRef = 4C3D87242336777E009FD11C /* ApplicationServices.framework */; };
		4C3D872723367788009FD11C /* PreferencePanes.framework in Frameworks */ = {isa = PBXBuildFile; fileRef = 4C3D872623367788009FD11C /* PreferencePanes.framework */; };
		4C3D872923367790009FD11C /* IOKit.framework in Frameworks */ = {isa = PBXBuildFile; fileRef = 4C3D872823367790009FD11C /* IOKit.framework */; };
		4C3D872B23367799009FD11C /* Foundation.framework in Frameworks */ = {isa = PBXBuildFile; fileRef = 4C3D872A23367799009FD11C /* Foundation.framework */; };
		4C3D872F233678B1009FD11C /* MonitorNetConfig.m in Sources */ = {isa = PBXBuildFile; fileRef = 4C3D872E233678B1009FD11C /* MonitorNetConfig.m */; };
		4C3D87342337B1E9009FD11C /* MonitorNetStats.m in Sources */ = {isa = PBXBuildFile; fileRef = 4C3D87332337B1E9009FD11C /* MonitorNetStats.m */; };
		4C6743F82333CDD800532086 /* AppDelegate.swift in Sources */ = {isa = PBXBuildFile; fileRef = 4C6743F72333CDD800532086 /* AppDelegate.swift */; };
		4C6743FA2333CDD800532086 /* ViewController.swift in Sources */ = {isa = PBXBuildFile; fileRef = 4C6743F92333CDD800532086 /* ViewController.swift */; };
		4C6743FC2333CDD900532086 /* Assets.xcassets in Resources */ = {isa = PBXBuildFile; fileRef = 4C6743FB2333CDD900532086 /* Assets.xcassets */; };
		4C6743FF2333CDD900532086 /* Main.storyboard in Resources */ = {isa = PBXBuildFile; fileRef = 4C6743FD2333CDD900532086 /* Main.storyboard */; };
		4C6744082333D1AC00532086 /* QuotesViewController.swift in Sources */ = {isa = PBXBuildFile; fileRef = 4C6744072333D1AC00532086 /* QuotesViewController.swift */; };
		4CF6BADA23346292003E94AC /* Quote.swift in Sources */ = {isa = PBXBuildFile; fileRef = 4CF6BAD923346292003E94AC /* Quote.swift */; };
/* End PBXBuildFile section */

/* Begin PBXFileReference section */
		4C3D871E23367768009FD11C /* Cocoa.framework */ = {isa = PBXFileReference; lastKnownFileType = wrapper.framework; name = Cocoa.framework; path = System/Library/Frameworks/Cocoa.framework; sourceTree = SDKROOT; };
		4C3D87202336776F009FD11C /* Carbon.framework */ = {isa = PBXFileReference; lastKnownFileType = wrapper.framework; name = Carbon.framework; path = System/Library/Frameworks/Carbon.framework; sourceTree = SDKROOT; };
		4C3D872223367777009FD11C /* SystemConfiguration.framework */ = {isa = PBXFileReference; lastKnownFileType = wrapper.framework; name = SystemConfiguration.framework; path = System/Library/Frameworks/SystemConfiguration.framework; sourceTree = SDKROOT; };
		4C3D87242336777E009FD11C /* ApplicationServices.framework */ = {isa = PBXFileReference; lastKnownFileType = wrapper.framework; name = ApplicationServices.framework; path = System/Library/Frameworks/ApplicationServices.framework; sourceTree = SDKROOT; };
		4C3D872623367788009FD11C /* PreferencePanes.framework */ = {isa = PBXFileReference; lastKnownFileType = wrapper.framework; name = PreferencePanes.framework; path = System/Library/Frameworks/PreferencePanes.framework; sourceTree = SDKROOT; };
		4C3D872823367790009FD11C /* IOKit.framework */ = {isa = PBXFileReference; lastKnownFileType = wrapper.framework; name = IOKit.framework; path = System/Library/Frameworks/IOKit.framework; sourceTree = SDKROOT; };
		4C3D872A23367799009FD11C /* Foundation.framework */ = {isa = PBXFileReference; lastKnownFileType = wrapper.framework; name = Foundation.framework; path = System/Library/Frameworks/Foundation.framework; sourceTree = SDKROOT; };
		4C3D872C233678B1009FD11C /* Monitor-Bridging-Header.h */ = {isa = PBXFileReference; lastKnownFileType = sourcecode.c.h; path = "Monitor-Bridging-Header.h"; sourceTree = "<group>"; };
		4C3D872D233678B1009FD11C /* MonitorNetConfig.h */ = {isa = PBXFileReference; lastKnownFileType = sourcecode.c.h; path = MonitorNetConfig.h; sourceTree = "<group>"; };
		4C3D872E233678B1009FD11C /* MonitorNetConfig.m */ = {isa = PBXFileReference; lastKnownFileType = sourcecode.c.objc; path = MonitorNetConfig.m; sourceTree = "<group>"; };
		4C3D87302336796D009FD11C /* MonitorNet.h */ = {isa = PBXFileReference; lastKnownFileType = sourcecode.c.h; path = MonitorNet.h; sourceTree = "<group>"; };
		4C3D87322337B1E9009FD11C /* MonitorNetStats.h */ = {isa = PBXFileReference; lastKnownFileType = sourcecode.c.h; path = MonitorNetStats.h; sourceTree = "<group>"; };
		4C3D87332337B1E9009FD11C /* MonitorNetStats.m */ = {isa = PBXFileReference; lastKnownFileType = sourcecode.c.objc; path = MonitorNetStats.m; sourceTree = "<group>"; };
		4C6743F42333CDD800532086 /* Monitor.app */ = {isa = PBXFileReference; explicitFileType = wrapper.application; includeInIndex = 0; path = Monitor.app; sourceTree = BUILT_PRODUCTS_DIR; };
		4C6743F72333CDD800532086 /* AppDelegate.swift */ = {isa = PBXFileReference; lastKnownFileType = sourcecode.swift; path = AppDelegate.swift; sourceTree = "<group>"; };
		4C6743F92333CDD800532086 /* ViewController.swift */ = {isa = PBXFileReference; lastKnownFileType = sourcecode.swift; path = ViewController.swift; sourceTree = "<group>"; };
		4C6743FB2333CDD900532086 /* Assets.xcassets */ = {isa = PBXFileReference; lastKnownFileType = folder.assetcatalog; path = Assets.xcassets; sourceTree = "<group>"; };
		4C6743FE2333CDD900532086 /* Base */ = {isa = PBXFileReference; lastKnownFileType = file.storyboard; name = Base; path = Base.lproj/Main.storyboard; sourceTree = "<group>"; };
		4C6744002333CDD900532086 /* Info.plist */ = {isa = PBXFileReference; lastKnownFileType = text.plist.xml; path = Info.plist; sourceTree = "<group>"; };
		4C6744012333CDD900532086 /* Monitor.entitlements */ = {isa = PBXFileReference; lastKnownFileType = text.plist.entitlements; path = Monitor.entitlements; sourceTree = "<group>"; };
		4C6744072333D1AC00532086 /* QuotesViewController.swift */ = {isa = PBXFileReference; lastKnownFileType = sourcecode.swift; name = QuotesViewController.swift; path = Monitor/QuotesViewController.swift; sourceTree = "<group>"; };
		4CF6BAD923346292003E94AC /* Quote.swift */ = {isa = PBXFileReference; lastKnownFileType = sourcecode.swift; name = Quote.swift; path = Monitor/Quote.swift; sourceTree = "<group>"; };
/* End PBXFileReference section */

/* Begin PBXFrameworksBuildPhase section */
		4C6743F12333CDD800532086 /* Frameworks */ = {
			isa = PBXFrameworksBuildPhase;
			buildActionMask = 2147483647;
			files = (
				4C3D872B23367799009FD11C /* Foundation.framework in Frameworks */,
				4C3D872923367790009FD11C /* IOKit.framework in Frameworks */,
				4C3D872723367788009FD11C /* PreferencePanes.framework in Frameworks */,
				4C3D87252336777E009FD11C /* ApplicationServices.framework in Frameworks */,
				4C3D872323367777009FD11C /* SystemConfiguration.framework in Frameworks */,
				4C3D87212336776F009FD11C /* Carbon.framework in Frameworks */,
				4C3D871F23367768009FD11C /* Cocoa.framework in Frameworks */,
			);
			runOnlyForDeploymentPostprocessing = 0;
		};
/* End PBXFrameworksBuildPhase section */

/* Begin PBXGroup section */
		4C3D871D23367768009FD11C /* Frameworks */ = {
			isa = PBXGroup;
			children = (
				4C3D872A23367799009FD11C /* Foundation.framework */,
				4C3D872823367790009FD11C /* IOKit.framework */,
				4C3D872623367788009FD11C /* PreferencePanes.framework */,
				4C3D87242336777E009FD11C /* ApplicationServices.framework */,
				4C3D872223367777009FD11C /* SystemConfiguration.framework */,
				4C3D87202336776F009FD11C /* Carbon.framework */,
				4C3D871E23367768009FD11C /* Cocoa.framework */,
			);
			name = Frameworks;
			sourceTree = "<group>";
		};
		4C6743EB2333CDD800532086 = {
			isa = PBXGroup;
			children = (
				4CF6BAD923346292003E94AC /* Quote.swift */,
				4C6744072333D1AC00532086 /* QuotesViewController.swift */,
				4C6743F62333CDD800532086 /* Monitor */,
				4C6743F52333CDD800532086 /* Products */,
				4C3D871D23367768009FD11C /* Frameworks */,
			);
			sourceTree = "<group>";
		};
		4C6743F52333CDD800532086 /* Products */ = {
			isa = PBXGroup;
			children = (
				4C6743F42333CDD800532086 /* Monitor.app */,
			);
			name = Products;
			sourceTree = "<group>";
		};
		4C6743F62333CDD800532086 /* Monitor */ = {
			isa = PBXGroup;
			children = (
				4C6743F72333CDD800532086 /* AppDelegate.swift */,
				4C6743F92333CDD800532086 /* ViewController.swift */,
				4C6743FB2333CDD900532086 /* Assets.xcassets */,
				4C6743FD2333CDD900532086 /* Main.storyboard */,
				4C6744002333CDD900532086 /* Info.plist */,
				4C6744012333CDD900532086 /* Monitor.entitlements */,
				4C3D872D233678B1009FD11C /* MonitorNetConfig.h */,
				4C3D872E233678B1009FD11C /* MonitorNetConfig.m */,
				4C3D872C233678B1009FD11C /* Monitor-Bridging-Header.h */,
				4C3D87302336796D009FD11C /* MonitorNet.h */,
				4C3D87322337B1E9009FD11C /* MonitorNetStats.h */,
				4C3D87332337B1E9009FD11C /* MonitorNetStats.m */,
			);
			path = Monitor;
			sourceTree = "<group>";
		};
/* End PBXGroup section */

/* Begin PBXNativeTarget section */
		4C6743F32333CDD800532086 /* Monitor */ = {
			isa = PBXNativeTarget;
			buildConfigurationList = 4C6744042333CDD900532086 /* Build configuration list for PBXNativeTarget "Monitor" */;
			buildPhases = (
				4C6743F02333CDD800532086 /* Sources */,
				4C6743F12333CDD800532086 /* Frameworks */,
				4C6743F22333CDD800532086 /* Resources */,
			);
			buildRules = (
			);
			dependencies = (
			);
			name = Monitor;
			productName = Monitor;
			productReference = 4C6743F42333CDD800532086 /* Monitor.app */;
			productType = "com.apple.product-type.application";
		};
/* End PBXNativeTarget section */

/* Begin PBXProject section */
		4C6743EC2333CDD800532086 /* Project object */ = {
			isa = PBXProject;
			attributes = {
				LastSwiftUpdateCheck = 1030;
				LastUpgradeCheck = 1030;
				ORGANIZATIONNAME = fengde;
				TargetAttributes = {
					4C6743F32333CDD800532086 = {
						CreatedOnToolsVersion = 10.3;
						LastSwiftMigration = 1100;
					};
				};
			};
			buildConfigurationList = 4C6743EF2333CDD800532086 /* Build configuration list for PBXProject "Monitor" */;
			compatibilityVersion = "Xcode 9.3";
			developmentRegion = en;
			hasScannedForEncodings = 0;
			knownRegions = (
				en,
				Base,
			);
			mainGroup = 4C6743EB2333CDD800532086;
			productRefGroup = 4C6743F52333CDD800532086 /* Products */;
			projectDirPath = "";
			projectRoot = "";
			targets = (
				4C6743F32333CDD800532086 /* Monitor */,
			);
		};
/* End PBXProject section */

/* Begin PBXResourcesBuildPhase section */
		4C6743F22333CDD800532086 /* Resources */ = {
			isa = PBXResourcesBuildPhase;
			buildActionMask = 2147483647;
			files = (
				4C6743FC2333CDD900532086 /* Assets.xcassets in Resources */,
				4C6743FF2333CDD900532086 /* Main.storyboard in Resources */,
			);
			runOnlyForDeploymentPostprocessing = 0;
		};
/* End PBXResourcesBuildPhase section */

/* Begin PBXSourcesBuildPhase section */
		4C6743F02333CDD800532086 /* Sources */ = {
			isa = PBXSourcesBuildPhase;
			buildActionMask = 2147483647;
			files = (
				4C3D87342337B1E9009FD11C /* MonitorNetStats.m in Sources */,
				4C3D872F233678B1009FD11C /* MonitorNetConfig.m in Sources */,
				4CF6BADA23346292003E94AC /* Quote.swift in Sources */,
				4C6743FA2333CDD800532086 /* ViewController.swift in Sources */,
				4C6744082333D1AC00532086 /* QuotesViewController.swift in Sources */,
				4C6743F82333CDD800532086 /* AppDelegate.swift in Sources */,
			);
			runOnlyForDeploymentPostprocessing = 0;
		};
/* End PBXSourcesBuildPhase section */

/* Begin PBXVariantGroup section */
		4C6743FD2333CDD900532086 /* Main.storyboard */ = {
			isa = PBXVariantGroup;
			children = (
				4C6743FE2333CDD900532086 /* Base */,
			);
			name = Main.storyboard;
			sourceTree = "<group>";
		};
/* End PBXVariantGroup section */

/* Begin XCBuildConfiguration section */
		4C6744022333CDD900532086 /* Debug */ = {
			isa = XCBuildConfiguration;
			buildSettings = {
				ALWAYS_SEARCH_USER_PATHS = NO;
				CLANG_ANALYZER_NONNULL = YES;
				CLANG_ANALYZER_NUMBER_OBJECT_CONVERSION = YES_AGGRESSIVE;
				CLANG_CXX_LANGUAGE_STANDARD = "gnu++14";
				CLANG_CXX_LIBRARY = "libc++";
				CLANG_ENABLE_MODULES = YES;
				CLANG_ENABLE_OBJC_ARC = YES;
				CLANG_ENABLE_OBJC_WEAK = YES;
				CLANG_WARN_BLOCK_CAPTURE_AUTORELEASING = YES;
				CLANG_WARN_BOOL_CONVERSION = YES;
				CLANG_WARN_COMMA = YES;
				CLANG_WARN_CONSTANT_CONVERSION = YES;
				CLANG_WARN_DEPRECATED_OBJC_IMPLEMENTATIONS = YES;
				CLANG_WARN_DIRECT_OBJC_ISA_USAGE = YES_ERROR;
				CLANG_WARN_DOCUMENTATION_COMMENTS = YES;
				CLANG_WARN_EMPTY_BODY = YES;
				CLANG_WARN_ENUM_CONVERSION = YES;
				CLANG_WARN_INFINITE_RECURSION = YES;
				CLANG_WARN_INT_CONVERSION = YES;
				CLANG_WARN_NON_LITERAL_NULL_CONVERSION = YES;
				CLANG_WARN_OBJC_IMPLICIT_RETAIN_SELF = YES;
				CLANG_WARN_OBJC_LITERAL_CONVERSION = YES;
				CLANG_WARN_OBJC_ROOT_CLASS = YES_ERROR;
				CLANG_WARN_RANGE_LOOP_ANALYSIS = YES;
				CLANG_WARN_STRICT_PROTOTYPES = YES;
				CLANG_WARN_SUSPICIOUS_MOVE = YES;
				CLANG_WARN_UNGUARDED_AVAILABILITY = YES_AGGRESSIVE;
				CLANG_WARN_UNREACHABLE_CODE = YES;
				CLANG_WARN__DUPLICATE_METHOD_MATCH = YES;
				CODE_SIGN_IDENTITY = "-";
				COPY_PHASE_STRIP = NO;
				DEBUG_INFORMATION_FORMAT = dwarf;
				ENABLE_STRICT_OBJC_MSGSEND = YES;
				ENABLE_TESTABILITY = YES;
				GCC_C_LANGUAGE_STANDARD = gnu11;
				GCC_DYNAMIC_NO_PIC = NO;
				GCC_NO_COMMON_BLOCKS = YES;
				GCC_OPTIMIZATION_LEVEL = 0;
				GCC_PREPROCESSOR_DEFINITIONS = (
					"DEBUG=1",
					"$(inherited)",
				);
				GCC_WARN_64_TO_32_BIT_CONVERSION = YES;
				GCC_WARN_ABOUT_RETURN_TYPE = YES_ERROR;
				GCC_WARN_UNDECLARED_SELECTOR = YES;
				GCC_WARN_UNINITIALIZED_AUTOS = YES_AGGRESSIVE;
				GCC_WARN_UNUSED_FUNCTION = YES;
				GCC_WARN_UNUSED_VARIABLE = YES;
				MACOSX_DEPLOYMENT_TARGET = 10.14;
				MTL_ENABLE_DEBUG_INFO = INCLUDE_SOURCE;
				MTL_FAST_MATH = YES;
				ONLY_ACTIVE_ARCH = YES;
				SDKROOT = macosx;
				SWIFT_ACTIVE_COMPILATION_CONDITIONS = DEBUG;
				SWIFT_OPTIMIZATION_LEVEL = "-Onone";
			};
			name = Debug;
		};
		4C6744032333CDD900532086 /* Release */ = {
			isa = XCBuildConfiguration;
			buildSettings = {
				ALWAYS_SEARCH_USER_PATHS = NO;
				CLANG_ANALYZER_NONNULL = YES;
				CLANG_ANALYZER_NUMBER_OBJECT_CONVERSION = YES_AGGRESSIVE;
				CLANG_CXX_LANGUAGE_STANDARD = "gnu++14";
				CLANG_CXX_LIBRARY = "libc++";
				CLANG_ENABLE_MODULES = YES;
				CLANG_ENABLE_OBJC_ARC = YES;
				CLANG_ENABLE_OBJC_WEAK = YES;
				CLANG_WARN_BLOCK_CAPTURE_AUTORELEASING = YES;
				CLANG_WARN_BOOL_CONVERSION = YES;
				CLANG_WARN_COMMA = YES;
				CLANG_WARN_CONSTANT_CONVERSION = YES;
				CLANG_WARN_DEPRECATED_OBJC_IMPLEMENTATIONS = YES;
				CLANG_WARN_DIRECT_OBJC_ISA_USAGE = YES_ERROR;
				CLANG_WARN_DOCUMENTATION_COMMENTS = YES;
				CLANG_WARN_EMPTY_BODY = YES;
				CLANG_WARN_ENUM_CONVERSION = YES;
				CLANG_WARN_INFINITE_RECURSION = YES;
				CLANG_WARN_INT_CONVERSION = YES;
				CLANG_WARN_NON_LITERAL_NULL_CONVERSION = YES;
				CLANG_WARN_OBJC_IMPLICIT_RETAIN_SELF = YES;
				CLANG_WARN_OBJC_LITERAL_CONVERSION = YES;
				CLANG_WARN_OBJC_ROOT_CLASS = YES_ERROR;
				CLANG_WARN_RANGE_LOOP_ANALYSIS = YES;
				CLANG_WARN_STRICT_PROTOTYPES = YES;
				CLANG_WARN_SUSPICIOUS_MOVE = YES;
				CLANG_WARN_UNGUARDED_AVAILABILITY = YES_AGGRESSIVE;
				CLANG_WARN_UNREACHABLE_CODE = YES;
				CLANG_WARN__DUPLICATE_METHOD_MATCH = YES;
				CODE_SIGN_IDENTITY = "-";
				COPY_PHASE_STRIP = NO;
				DEBUG_INFORMATION_FORMAT = "dwarf-with-dsym";
				ENABLE_NS_ASSERTIONS = NO;
				ENABLE_STRICT_OBJC_MSGSEND = YES;
				GCC_C_LANGUAGE_STANDARD = gnu11;
				GCC_NO_COMMON_BLOCKS = YES;
				GCC_WARN_64_TO_32_BIT_CONVERSION = YES;
				GCC_WARN_ABOUT_RETURN_TYPE = YES_ERROR;
				GCC_WARN_UNDECLARED_SELECTOR = YES;
				GCC_WARN_UNINITIALIZED_AUTOS = YES_AGGRESSIVE;
				GCC_WARN_UNUSED_FUNCTION = YES;
				GCC_WARN_UNUSED_VARIABLE = YES;
				MACOSX_DEPLOYMENT_TARGET = 10.14;
				MTL_ENABLE_DEBUG_INFO = NO;
				MTL_FAST_MATH = YES;
				SDKROOT = macosx;
				SWIFT_COMPILATION_MODE = wholemodule;
				SWIFT_OPTIMIZATION_LEVEL = "-O";
			};
			name = Release;
		};
		4C6744052333CDD900532086 /* Debug */ = {
			isa = XCBuildConfiguration;
			buildSettings = {
				ASSETCATALOG_COMPILER_APPICON_NAME = AppIcon;
				CLANG_ENABLE_MODULES = YES;
				CODE_SIGN_ENTITLEMENTS = Monitor/Monitor.entitlements;
				CODE_SIGN_STYLE = Automatic;
				COMBINE_HIDPI_IMAGES = YES;
				INFOPLIST_FILE = Monitor/Info.plist;
				LD_RUNPATH_SEARCH_PATHS = (
					"$(inherited)",
					"@executable_path/../Frameworks",
				);
				PRODUCT_BUNDLE_IDENTIFIER = com.fengqijun.Monitor;
				PRODUCT_NAME = "$(TARGET_NAME)";
				SWIFT_OBJC_BRIDGING_HEADER = "Monitor/Monitor-Bridging-Header.h";
				SWIFT_OPTIMIZATION_LEVEL = "-Onone";
				SWIFT_VERSION = 5.0;
			};
			name = Debug;
		};
		4C6744062333CDD900532086 /* Release */ = {
			isa = XCBuildConfiguration;
			buildSettings = {
				ASSETCATALOG_COMPILER_APPICON_NAME = AppIcon;
				CLANG_ENABLE_MODULES = YES;
				CODE_SIGN_ENTITLEMENTS = Monitor/Monitor.entitlements;
				CODE_SIGN_STYLE = Automatic;
				COMBINE_HIDPI_IMAGES = YES;
				INFOPLIST_FILE = Monitor/Info.plist;
				LD_RUNPATH_SEARCH_PATHS = (
					"$(inherited)",
					"@executable_path/../Frameworks",
				);
				PRODUCT_BUNDLE_IDENTIFIER = com.fengqijun.Monitor;
				PRODUCT_NAME = "$(TARGET_NAME)";
				SWIFT_OBJC_BRIDGING_HEADER = "Monitor/Monitor-Bridging-Header.h";
				SWIFT_VERSION = 5.0;
			};
			name = Release;
		};
/* End XCBuildConfiguration section */

/* Begin XCConfigurationList section */
		4C6743EF2333CDD800532086 /* Build configuration list for PBXProject "Monitor" */ = {
			isa = XCConfigurationList;
			buildConfigurations = (
				4C6744022333CDD900532086 /* Debug */,
				4C6744032333CDD900532086 /* Release */,
			);
			defaultConfigurationIsVisible = 0;
			defaultConfigurationName = Release;
		};
		4C6744042333CDD900532086 /* Build configuration list for PBXNativeTarget "Monitor" */ = {
			isa = XCConfigurationList;
			buildConfigurations = (
				4C6744052333CDD900532086 /* Debug */,
				4C6744062333CDD900532086 /* Release */,
			);
			defaultConfigurationIsVisible = 0;
			defaultConfigurationName = Release;
		};
/* End XCConfigurationList section */
	};
	rootObject = 4C6743EC2333CDD800532086 /* Project object */;
}
